PODS:
  - kfmdb (2.6.14):
    - ksqlite
  - ksqlite (3.13.13)

DEPENDENCIES:
  - kfmdb

SPEC REPOS:
  "http://rual@gitlab.knowlogy.nl/jimbo-ios/knowlogySpecs.git":
    - kfmdb
    - ksqlite

SPEC CHECKSUMS:
  kfmdb: f95499043b6557039a3951d08713f2512baa39a2
  ksqlite: 6009c52566a0b6d2a5a23f819c7c55b6ebd32393

PODFILE CHECKSUM: 9faffba743f6ee37ebe1879d6547de0e8e6082ea

COCOAPODS: 1.5.3
